github.com/nkomiljon/hwbank v0.0.0-20200925013829-130cd6b098d4 h1:XqIj+jZHo2zIjpdokzeiizhpsKlLOOi4GdWCvdE2q5U=
github.com/nkomiljon/hwbank v0.0.0-20200925013829-130cd6b098d4/go.mod h1:fggg3ibaY7dljzqb0Wnhl9WTalyQ1jCB4RWmA1IcyLg=
github.com/nkomiljon/hwbank v0.0.0-20200925155738-5e2e73b41582 h1:hMo+nc7lK9cMBhfkHYlsQDf6onBP0nOPZbASfUwG314=
github.com/nkomiljon/hwbank v0.0.0-20200925155738-5e2e73b41582/go.mod h1:fggg3ibaY7dljzqb0Wnhl9WTalyQ1jCB4RWmA1IcyLg=
